// !$*UTF8*$!
{
	archiveVersion = 1;
	classes = {
	};
	objectVersion = 56;
	objects = {

/* Begin PBXBuildFile section */
		781591272B5878B600F0ECC8 /* WeatherAppTCApp.swift in Sources */ = {isa = PBXBuildFile; fileRef = 781591262B5878B600F0ECC8 /* WeatherAppTCApp.swift */; };
		781591292B5878B600F0ECC8 /* WeatherPreviewPageView.swift in Sources */ = {isa = PBXBuildFile; fileRef = 781591282B5878B600F0ECC8 /* WeatherPreviewPageView.swift */; };
		7815912B2B5878B700F0ECC8 /* Assets.xcassets in Resources */ = {isa = PBXBuildFile; fileRef = 7815912A2B5878B700F0ECC8 /* Assets.xcassets */; };
		7815912E2B5878B700F0ECC8 /* Preview Assets.xcassets in Resources */ = {isa = PBXBuildFile; fileRef = 7815912D2B5878B700F0ECC8 /* Preview Assets.xcassets */; };
		781591382B5878B700F0ECC8 /* WeatherAppTCTests.swift in Sources */ = {isa = PBXBuildFile; fileRef = 781591372B5878B700F0ECC8 /* WeatherAppTCTests.swift */; };
		781591422B5878B700F0ECC8 /* WeatherAppTCUITests.swift in Sources */ = {isa = PBXBuildFile; fileRef = 781591412B5878B700F0ECC8 /* WeatherAppTCUITests.swift */; };
		781591442B5878B700F0ECC8 /* WeatherAppTCUITestsLaunchTests.swift in Sources */ = {isa = PBXBuildFile; fileRef = 781591432B5878B700F0ECC8 /* WeatherAppTCUITestsLaunchTests.swift */; };
		7815915E2B590C2000F0ECC8 /* Location.swift in Sources */ = {isa = PBXBuildFile; fileRef = 7815915D2B590C2000F0ECC8 /* Location.swift */; };
		781591602B590C3200F0ECC8 /* Country.swift in Sources */ = {isa = PBXBuildFile; fileRef = 7815915F2B590C3200F0ECC8 /* Country.swift */; };
		781591622B590C4600F0ECC8 /* AdministrativeArea.swift in Sources */ = {isa = PBXBuildFile; fileRef = 781591612B590C4600F0ECC8 /* AdministrativeArea.swift */; };
		781591662B590DFB00F0ECC8 /* WeatherDataModel.swift in Sources */ = {isa = PBXBuildFile; fileRef = 781591652B590DFB00F0ECC8 /* WeatherDataModel.swift */; };
		7815916D2B590E4A00F0ECC8 /* APIService.swift in Sources */ = {isa = PBXBuildFile; fileRef = 7815916C2B590E4A00F0ECC8 /* APIService.swift */; };
		7841C97F2B5D97D5000C9D69 /* SearchPageView.swift in Sources */ = {isa = PBXBuildFile; fileRef = 7841C97E2B5D97D5000C9D69 /* SearchPageView.swift */; };
		785BE7CC2B68FBCC00AF8858 /* LocationListInteracor.swift in Sources */ = {isa = PBXBuildFile; fileRef = 785BE7CB2B68FBCC00AF8858 /* LocationListInteracor.swift */; };
		785BE7CF2B68FCFE00AF8858 /* WeatherLocationListPresenter.swift in Sources */ = {isa = PBXBuildFile; fileRef = 785BE7CE2B68FCFE00AF8858 /* WeatherLocationListPresenter.swift */; };
		785BE7D32B6B86A500AF8858 /* Weather.swift in Sources */ = {isa = PBXBuildFile; fileRef = 785BE7D22B6B86A500AF8858 /* Weather.swift */; };
		785BE7D52B6B878700AF8858 /* WeatherListInteractor.swift in Sources */ = {isa = PBXBuildFile; fileRef = 785BE7D42B6B878700AF8858 /* WeatherListInteractor.swift */; };
		785BE7D72B6F980E00AF8858 /* Double+roundTo.swift in Sources */ = {isa = PBXBuildFile; fileRef = 785BE7D62B6F980D00AF8858 /* Double+roundTo.swift */; };
		785BE7DB2B6F9A7500AF8858 /* Wind.swift in Sources */ = {isa = PBXBuildFile; fileRef = 785BE7DA2B6F9A7500AF8858 /* Wind.swift */; };
		78766F9C2B595C2700BD6A8E /* NetworkError.swift in Sources */ = {isa = PBXBuildFile; fileRef = 78766F9B2B595C2700BD6A8E /* NetworkError.swift */; };
		78766FA02B595D2700BD6A8E /* Temperature.swift in Sources */ = {isa = PBXBuildFile; fileRef = 78766F9F2B595D2700BD6A8E /* Temperature.swift */; };
		78766FA42B595D8A00BD6A8E /* LocationDataModel.swift in Sources */ = {isa = PBXBuildFile; fileRef = 78766FA32B595D8A00BD6A8E /* LocationDataModel.swift */; };
		78766FA92B595DF900BD6A8E /* Constants.swift in Sources */ = {isa = PBXBuildFile; fileRef = 78766FA82B595DF900BD6A8E /* Constants.swift */; };
		78F8FEE02B5FA989007819B3 /* CustomSearchBarView.swift in Sources */ = {isa = PBXBuildFile; fileRef = 78F8FEDF2B5FA989007819B3 /* CustomSearchBarView.swift */; };
		78F8FEE22B5FA9C5007819B3 /* LocationListView.swift in Sources */ = {isa = PBXBuildFile; fileRef = 78F8FEE12B5FA9C5007819B3 /* LocationListView.swift */; };
		78F8FEE52B5FAA1F007819B3 /* WeatherDataView.swift in Sources */ = {isa = PBXBuildFile; fileRef = 78F8FEE42B5FAA1F007819B3 /* WeatherDataView.swift */; };
		78F8FEE72B5FAA48007819B3 /* WeatherCalendarView.swift in Sources */ = {isa = PBXBuildFile; fileRef = 78F8FEE62B5FAA48007819B3 /* WeatherCalendarView.swift */; };
		78F8FEE92B5FAA78007819B3 /* DynamicGradientWeatherContainer.swift in Sources */ = {isa = PBXBuildFile; fileRef = 78F8FEE82B5FAA78007819B3 /* DynamicGradientWeatherContainer.swift */; };
/* End PBXBuildFile section */

/* Begin PBXContainerItemProxy section */
		781591342B5878B700F0ECC8 /* PBXContainerItemProxy */ = {
			isa = PBXContainerItemProxy;
			containerPortal = 7815911B2B5878B600F0ECC8 /* Project object */;
			proxyType = 1;
			remoteGlobalIDString = 781591222B5878B600F0ECC8;
			remoteInfo = WeatherAppTC;
		};
		7815913E2B5878B700F0ECC8 /* PBXContainerItemProxy */ = {
			isa = PBXContainerItemProxy;
			containerPortal = 7815911B2B5878B600F0ECC8 /* Project object */;
			proxyType = 1;
			remoteGlobalIDString = 781591222B5878B600F0ECC8;
			remoteInfo = WeatherAppTC;
		};
/* End PBXContainerItemProxy section */

/* Begin PBXFileReference section */
		781591232B5878B600F0ECC8 /* WeatherAppTC.app */ = {isa = PBXFileReference; explicitFileType = wrapper.application; includeInIndex = 0; path = WeatherAppTC.app; sourceTree = BUILT_PRODUCTS_DIR; };
		781591262B5878B600F0ECC8 /* WeatherAppTCApp.swift */ = {isa = PBXFileReference; lastKnownFileType = sourcecode.swift; path = WeatherAppTCApp.swift; sourceTree = "<group>"; };
		781591282B5878B600F0ECC8 /* WeatherPreviewPageView.swift */ = {isa = PBXFileReference; lastKnownFileType = sourcecode.swift; path = WeatherPreviewPageView.swift; sourceTree = "<group>"; };
		7815912A2B5878B700F0ECC8 /* Assets.xcassets */ = {isa = PBXFileReference; lastKnownFileType = folder.assetcatalog; path = Assets.xcassets; sourceTree = "<group>"; };
		7815912D2B5878B700F0ECC8 /* Preview Assets.xcassets */ = {isa = PBXFileReference; lastKnownFileType = folder.assetcatalog; path = "Preview Assets.xcassets"; sourceTree = "<group>"; };
		781591332B5878B700F0ECC8 /* WeatherAppTCTests.xctest */ = {isa = PBXFileReference; explicitFileType = wrapper.cfbundle; includeInIndex = 0; path = WeatherAppTCTests.xctest; sourceTree = BUILT_PRODUCTS_DIR; };
		781591372B5878B700F0ECC8 /* WeatherAppTCTests.swift */ = {isa = PBXFileReference; lastKnownFileType = sourcecode.swift; path = WeatherAppTCTests.swift; sourceTree = "<group>"; };
		7815913D2B5878B700F0ECC8 /* WeatherAppTCUITests.xctest */ = {isa = PBXFileReference; explicitFileType = wrapper.cfbundle; includeInIndex = 0; path = WeatherAppTCUITests.xctest; sourceTree = BUILT_PRODUCTS_DIR; };
		781591412B5878B700F0ECC8 /* WeatherAppTCUITests.swift */ = {isa = PBXFileReference; lastKnownFileType = sourcecode.swift; path = WeatherAppTCUITests.swift; sourceTree = "<group>"; };
		781591432B5878B700F0ECC8 /* WeatherAppTCUITestsLaunchTests.swift */ = {isa = PBXFileReference; lastKnownFileType = sourcecode.swift; path = WeatherAppTCUITestsLaunchTests.swift; sourceTree = "<group>"; };
		7815915D2B590C2000F0ECC8 /* Location.swift */ = {isa = PBXFileReference; lastKnownFileType = sourcecode.swift; path = Location.swift; sourceTree = "<group>"; };
		7815915F2B590C3200F0ECC8 /* Country.swift */ = {isa = PBXFileReference; lastKnownFileType = sourcecode.swift; path = Country.swift; sourceTree = "<group>"; };
		781591612B590C4600F0ECC8 /* AdministrativeArea.swift */ = {isa = PBXFileReference; lastKnownFileType = sourcecode.swift; path = AdministrativeArea.swift; sourceTree = "<group>"; };
		781591652B590DFB00F0ECC8 /* WeatherDataModel.swift */ = {isa = PBXFileReference; lastKnownFileType = sourcecode.swift; path = WeatherDataModel.swift; sourceTree = "<group>"; };
		7815916C2B590E4A00F0ECC8 /* APIService.swift */ = {isa = PBXFileReference; lastKnownFileType = sourcecode.swift; path = APIService.swift; sourceTree = "<group>"; };
		7841C97E2B5D97D5000C9D69 /* SearchPageView.swift */ = {isa = PBXFileReference; lastKnownFileType = sourcecode.swift; path = SearchPageView.swift; sourceTree = "<group>"; };
		785BE7CB2B68FBCC00AF8858 /* LocationListInteracor.swift */ = {isa = PBXFileReference; lastKnownFileType = sourcecode.swift; path = LocationListInteracor.swift; sourceTree = "<group>"; };
		785BE7CE2B68FCFE00AF8858 /* WeatherLocationListPresenter.swift */ = {isa = PBXFileReference; lastKnownFileType = sourcecode.swift; path = WeatherLocationListPresenter.swift; sourceTree = "<group>"; };
		785BE7D22B6B86A500AF8858 /* Weather.swift */ = {isa = PBXFileReference; lastKnownFileType = sourcecode.swift; path = Weather.swift; sourceTree = "<group>"; };
		785BE7D42B6B878700AF8858 /* WeatherListInteractor.swift */ = {isa = PBXFileReference; lastKnownFileType = sourcecode.swift; path = WeatherListInteractor.swift; sourceTree = "<group>"; };
		785BE7D62B6F980D00AF8858 /* Double+roundTo.swift */ = {isa = PBXFileReference; lastKnownFileType = sourcecode.swift; path = "Double+roundTo.swift"; sourceTree = "<group>"; };
		785BE7DA2B6F9A7500AF8858 /* Wind.swift */ = {isa = PBXFileReference; lastKnownFileType = sourcecode.swift; path = Wind.swift; sourceTree = "<group>"; };
		78766F9B2B595C2700BD6A8E /* NetworkError.swift */ = {isa = PBXFileReference; lastKnownFileType = sourcecode.swift; path = NetworkError.swift; sourceTree = "<group>"; };
		78766F9F2B595D2700BD6A8E /* Temperature.swift */ = {isa = PBXFileReference; lastKnownFileType = sourcecode.swift; path = Temperature.swift; sourceTree = "<group>"; };
		78766FA32B595D8A00BD6A8E /* LocationDataModel.swift */ = {isa = PBXFileReference; lastKnownFileType = sourcecode.swift; path = LocationDataModel.swift; sourceTree = "<group>"; };
		78766FA82B595DF900BD6A8E /* Constants.swift */ = {isa = PBXFileReference; lastKnownFileType = sourcecode.swift; path = Constants.swift; sourceTree = "<group>"; };
		78F8FEDF2B5FA989007819B3 /* CustomSearchBarView.swift */ = {isa = PBXFileReference; lastKnownFileType = sourcecode.swift; path = CustomSearchBarView.swift; sourceTree = "<group>"; };
		78F8FEE12B5FA9C5007819B3 /* LocationListView.swift */ = {isa = PBXFileReference; lastKnownFileType = sourcecode.swift; path = LocationListView.swift; sourceTree = "<group>"; };
		78F8FEE42B5FAA1F007819B3 /* WeatherDataView.swift */ = {isa = PBXFileReference; lastKnownFileType = sourcecode.swift; path = WeatherDataView.swift; sourceTree = "<group>"; };
		78F8FEE62B5FAA48007819B3 /* WeatherCalendarView.swift */ = {isa = PBXFileReference; lastKnownFileType = sourcecode.swift; path = WeatherCalendarView.swift; sourceTree = "<group>"; };
		78F8FEE82B5FAA78007819B3 /* DynamicGradientWeatherContainer.swift */ = {isa = PBXFileReference; lastKnownFileType = sourcecode.swift; path = DynamicGradientWeatherContainer.swift; sourceTree = "<group>"; };
/* End PBXFileReference section */

/* Begin PBXFrameworksBuildPhase section */
		781591202B5878B600F0ECC8 /* Frameworks */ = {
			isa = PBXFrameworksBuildPhase;
			buildActionMask = 2147483647;
			files = (
			);
			runOnlyForDeploymentPostprocessing = 0;
		};
		781591302B5878B700F0ECC8 /* Frameworks */ = {
			isa = PBXFrameworksBuildPhase;
			buildActionMask = 2147483647;
			files = (
			);
			runOnlyForDeploymentPostprocessing = 0;
		};
		7815913A2B5878B700F0ECC8 /* Frameworks */ = {
			isa = PBXFrameworksBuildPhase;
			buildActionMask = 2147483647;
			files = (
			);
			runOnlyForDeploymentPostprocessing = 0;
		};
/* End PBXFrameworksBuildPhase section */

/* Begin PBXGroup section */
		7815911A2B5878B600F0ECC8 = {
			isa = PBXGroup;
			children = (
				781591252B5878B600F0ECC8 /* WeatherAppTC */,
				781591362B5878B700F0ECC8 /* WeatherAppTCTests */,
				781591402B5878B700F0ECC8 /* WeatherAppTCUITests */,
				781591242B5878B600F0ECC8 /* Products */,
			);
			sourceTree = "<group>";
		};
		781591242B5878B600F0ECC8 /* Products */ = {
			isa = PBXGroup;
			children = (
				781591232B5878B600F0ECC8 /* WeatherAppTC.app */,
				781591332B5878B700F0ECC8 /* WeatherAppTCTests.xctest */,
				7815913D2B5878B700F0ECC8 /* WeatherAppTCUITests.xctest */,
			);
			name = Products;
			sourceTree = "<group>";
		};
		781591252B5878B600F0ECC8 /* WeatherAppTC */ = {
			isa = PBXGroup;
			children = (
				781591522B58794C00F0ECC8 /* Domain */,
				781591532B58795100F0ECC8 /* Presentation */,
				781591512B58794A00F0ECC8 /* Data */,
				781591502B58794700F0ECC8 /* Other */,
			);
			path = WeatherAppTC;
			sourceTree = "<group>";
		};
		7815912C2B5878B700F0ECC8 /* Preview Content */ = {
			isa = PBXGroup;
			children = (
				7815912D2B5878B700F0ECC8 /* Preview Assets.xcassets */,
			);
			path = "Preview Content";
			sourceTree = "<group>";
		};
		781591362B5878B700F0ECC8 /* WeatherAppTCTests */ = {
			isa = PBXGroup;
			children = (
				781591372B5878B700F0ECC8 /* WeatherAppTCTests.swift */,
			);
			path = WeatherAppTCTests;
			sourceTree = "<group>";
		};
		781591402B5878B700F0ECC8 /* WeatherAppTCUITests */ = {
			isa = PBXGroup;
			children = (
				781591412B5878B700F0ECC8 /* WeatherAppTCUITests.swift */,
				781591432B5878B700F0ECC8 /* WeatherAppTCUITestsLaunchTests.swift */,
			);
			path = WeatherAppTCUITests;
			sourceTree = "<group>";
		};
		781591502B58794700F0ECC8 /* Other */ = {
			isa = PBXGroup;
			children = (
				7815912C2B5878B700F0ECC8 /* Preview Content */,
				78766FA72B595DF300BD6A8E /* Helpers */,
				781591572B587A0B00F0ECC8 /* Resources */,
				781591262B5878B600F0ECC8 /* WeatherAppTCApp.swift */,
			);
			path = Other;
			sourceTree = "<group>";
		};
		781591512B58794A00F0ECC8 /* Data */ = {
			isa = PBXGroup;
			children = (
				7815916B2B590E3D00F0ECC8 /* Service */,
				781591632B590DCC00F0ECC8 /* DataModel */,
			);
			path = Data;
			sourceTree = "<group>";
		};
		781591522B58794C00F0ECC8 /* Domain */ = {
			isa = PBXGroup;
			children = (
				785BE7CD2B68FCEA00AF8858 /* Presenters */,
				785BE7CA2B68FBB600AF8858 /* Interactors */,
				7884A7652B66F4730055C1A4 /* Entities */,
			);
			path = Domain;
			sourceTree = "<group>";
		};
		781591532B58795100F0ECC8 /* Presentation */ = {
			isa = PBXGroup;
			children = (
				7884A76D2B66F5BC0055C1A4 /* UI */,
			);
			path = Presentation;
			sourceTree = "<group>";
		};
		781591572B587A0B00F0ECC8 /* Resources */ = {
			isa = PBXGroup;
			children = (
				7815912A2B5878B700F0ECC8 /* Assets.xcassets */,
			);
			path = Resources;
			sourceTree = "<group>";
		};
		781591582B587A6900F0ECC8 /* Weather */ = {
			isa = PBXGroup;
			children = (
				7841C97B2B5D978D000C9D69 /* SearchPage */,
				781591592B587A8800F0ECC8 /* WeatherPage */,
			);
			path = Weather;
			sourceTree = "<group>";
		};
		781591592B587A8800F0ECC8 /* WeatherPage */ = {
			isa = PBXGroup;
			children = (
				78F8FEE32B5FA9EE007819B3 /* Components */,
				781591282B5878B600F0ECC8 /* WeatherPreviewPageView.swift */,
			);
			path = WeatherPage;
			sourceTree = "<group>";
		};
		781591632B590DCC00F0ECC8 /* DataModel */ = {
			isa = PBXGroup;
			children = (
				78F8FEEB2B5FAD0B007819B3 /* Location */,
				78F8FEEA2B5FAD06007819B3 /* Weather */,
			);
			path = DataModel;
			sourceTree = "<group>";
		};
		7815916B2B590E3D00F0ECC8 /* Service */ = {
			isa = PBXGroup;
			children = (
				78766F9A2B595C1500BD6A8E /* API */,
				78766F992B595C0300BD6A8E /* Error */,
			);
			path = Service;
			sourceTree = "<group>";
		};
		7841C97B2B5D978D000C9D69 /* SearchPage */ = {
			isa = PBXGroup;
			children = (
				7841C97C2B5D97BF000C9D69 /* Components */,
				7841C97E2B5D97D5000C9D69 /* SearchPageView.swift */,
			);
			path = SearchPage;
			sourceTree = "<group>";
		};
		7841C97C2B5D97BF000C9D69 /* Components */ = {
			isa = PBXGroup;
			children = (
				78F8FEE12B5FA9C5007819B3 /* LocationListView.swift */,
			);
			path = Components;
			sourceTree = "<group>";
		};
		785BE7CA2B68FBB600AF8858 /* Interactors */ = {
			isa = PBXGroup;
			children = (
				785BE7CB2B68FBCC00AF8858 /* LocationListInteracor.swift */,
				785BE7D42B6B878700AF8858 /* WeatherListInteractor.swift */,
			);
			path = Interactors;
			sourceTree = "<group>";
		};
		785BE7CD2B68FCEA00AF8858 /* Presenters */ = {
			isa = PBXGroup;
			children = (
				785BE7CE2B68FCFE00AF8858 /* WeatherLocationListPresenter.swift */,
			);
			path = Presenters;
			sourceTree = "<group>";
		};
		785BE7D82B6F9A5B00AF8858 /* Temperature */ = {
			isa = PBXGroup;
			children = (
				78766F9F2B595D2700BD6A8E /* Temperature.swift */,
			);
			path = Temperature;
			sourceTree = "<group>";
		};
		785BE7D92B6F9A6700AF8858 /* Wind */ = {
			isa = PBXGroup;
			children = (
				785BE7DA2B6F9A7500AF8858 /* Wind.swift */,
			);
			path = Wind;
			sourceTree = "<group>";
		};
		78766F992B595C0300BD6A8E /* Error */ = {
			isa = PBXGroup;
			children = (
				78766F9B2B595C2700BD6A8E /* NetworkError.swift */,
			);
			path = Error;
			sourceTree = "<group>";
		};
		78766F9A2B595C1500BD6A8E /* API */ = {
			isa = PBXGroup;
			children = (
				7815916C2B590E4A00F0ECC8 /* APIService.swift */,
			);
			path = API;
			sourceTree = "<group>";
		};
		78766F9D2B595CC100BD6A8E /* LocationEntity */ = {
			isa = PBXGroup;
			children = (
				7815915D2B590C2000F0ECC8 /* Location.swift */,
				7815915F2B590C3200F0ECC8 /* Country.swift */,
				781591612B590C4600F0ECC8 /* AdministrativeArea.swift */,
			);
			path = LocationEntity;
			sourceTree = "<group>";
		};
		78766F9E2B595CD000BD6A8E /* WeatherEntity */ = {
			isa = PBXGroup;
			children = (
				785BE7D22B6B86A500AF8858 /* Weather.swift */,
				785BE7D92B6F9A6700AF8858 /* Wind */,
				785BE7D82B6F9A5B00AF8858 /* Temperature */,
			);
			path = WeatherEntity;
			sourceTree = "<group>";
		};
		78766FA72B595DF300BD6A8E /* Helpers */ = {
			isa = PBXGroup;
			children = (
				78766FA82B595DF900BD6A8E /* Constants.swift */,
				785BE7D62B6F980D00AF8858 /* Double+roundTo.swift */,
			);
			path = Helpers;
			sourceTree = "<group>";
		};
		7884A7652B66F4730055C1A4 /* Entities */ = {
			isa = PBXGroup;
			children = (
				78766F9E2B595CD000BD6A8E /* WeatherEntity */,
				78766F9D2B595CC100BD6A8E /* LocationEntity */,
			);
			path = Entities;
			sourceTree = "<group>";
		};
		7884A76D2B66F5BC0055C1A4 /* UI */ = {
			isa = PBXGroup;
			children = (
				78F8FEDC2B5FA956007819B3 /* Common */,
				781591582B587A6900F0ECC8 /* Weather */,
			);
			path = UI;
			sourceTree = "<group>";
		};
		78F8FEDC2B5FA956007819B3 /* Common */ = {
			isa = PBXGroup;
			children = (
				78F8FEDE2B5FA96C007819B3 /* Components */,
			);
			path = Common;
			sourceTree = "<group>";
		};
		78F8FEDE2B5FA96C007819B3 /* Components */ = {
			isa = PBXGroup;
			children = (
				78F8FEDF2B5FA989007819B3 /* CustomSearchBarView.swift */,
				78F8FEE82B5FAA78007819B3 /* DynamicGradientWeatherContainer.swift */,
			);
			path = Components;
			sourceTree = "<group>";
		};
		78F8FEE32B5FA9EE007819B3 /* Components */ = {
			isa = PBXGroup;
			children = (
				78F8FEE42B5FAA1F007819B3 /* WeatherDataView.swift */,
				78F8FEE62B5FAA48007819B3 /* WeatherCalendarView.swift */,
			);
			path = Components;
			sourceTree = "<group>";
		};
		78F8FEEA2B5FAD06007819B3 /* Weather */ = {
			isa = PBXGroup;
			children = (
				781591652B590DFB00F0ECC8 /* WeatherDataModel.swift */,
			);
			path = Weather;
			sourceTree = "<group>";
		};
		78F8FEEB2B5FAD0B007819B3 /* Location */ = {
			isa = PBXGroup;
			children = (
				78766FA32B595D8A00BD6A8E /* LocationDataModel.swift */,
			);
			path = Location;
			sourceTree = "<group>";
		};
/* End PBXGroup section */

/* Begin PBXNativeTarget section */
		781591222B5878B600F0ECC8 /* WeatherAppTC */ = {
			isa = PBXNativeTarget;
			buildConfigurationList = 781591472B5878B700F0ECC8 /* Build configuration list for PBXNativeTarget "WeatherAppTC" */;
			buildPhases = (
				7815911F2B5878B600F0ECC8 /* Sources */,
				781591202B5878B600F0ECC8 /* Frameworks */,
				781591212B5878B600F0ECC8 /* Resources */,
			);
			buildRules = (
			);
			dependencies = (
			);
			name = WeatherAppTC;
			productName = WeatherAppTC;
			productReference = 781591232B5878B600F0ECC8 /* WeatherAppTC.app */;
			productType = "com.apple.product-type.application";
		};
		781591322B5878B700F0ECC8 /* WeatherAppTCTests */ = {
			isa = PBXNativeTarget;
			buildConfigurationList = 7815914A2B5878B700F0ECC8 /* Build configuration list for PBXNativeTarget "WeatherAppTCTests" */;
			buildPhases = (
				7815912F2B5878B700F0ECC8 /* Sources */,
				781591302B5878B700F0ECC8 /* Frameworks */,
				781591312B5878B700F0ECC8 /* Resources */,
			);
			buildRules = (
			);
			dependencies = (
				781591352B5878B700F0ECC8 /* PBXTargetDependency */,
			);
			name = WeatherAppTCTests;
			productName = WeatherAppTCTests;
			productReference = 781591332B5878B700F0ECC8 /* WeatherAppTCTests.xctest */;
			productType = "com.apple.product-type.bundle.unit-test";
		};
		7815913C2B5878B700F0ECC8 /* WeatherAppTCUITests */ = {
			isa = PBXNativeTarget;
			buildConfigurationList = 7815914D2B5878B700F0ECC8 /* Build configuration list for PBXNativeTarget "WeatherAppTCUITests" */;
			buildPhases = (
				781591392B5878B700F0ECC8 /* Sources */,
				7815913A2B5878B700F0ECC8 /* Frameworks */,
				7815913B2B5878B700F0ECC8 /* Resources */,
			);
			buildRules = (
			);
			dependencies = (
				7815913F2B5878B700F0ECC8 /* PBXTargetDependency */,
			);
			name = WeatherAppTCUITests;
			productName = WeatherAppTCUITests;
			productReference = 7815913D2B5878B700F0ECC8 /* WeatherAppTCUITests.xctest */;
			productType = "com.apple.product-type.bundle.ui-testing";
		};
/* End PBXNativeTarget section */

/* Begin PBXProject section */
		7815911B2B5878B600F0ECC8 /* Project object */ = {
			isa = PBXProject;
			attributes = {
				BuildIndependentTargetsInParallel = 1;
				LastSwiftUpdateCheck = 1510;
				LastUpgradeCheck = 1510;
				TargetAttributes = {
					781591222B5878B600F0ECC8 = {
						CreatedOnToolsVersion = 15.1;
					};
					781591322B5878B700F0ECC8 = {
						CreatedOnToolsVersion = 15.1;
						TestTargetID = 781591222B5878B600F0ECC8;
					};
					7815913C2B5878B700F0ECC8 = {
						CreatedOnToolsVersion = 15.1;
						TestTargetID = 781591222B5878B600F0ECC8;
					};
				};
			};
			buildConfigurationList = 7815911E2B5878B600F0ECC8 /* Build configuration list for PBXProject "WeatherAppTC" */;
			compatibilityVersion = "Xcode 14.0";
			developmentRegion = en;
			hasScannedForEncodings = 0;
			knownRegions = (
				en,
				Base,
			);
			mainGroup = 7815911A2B5878B600F0ECC8;
			productRefGroup = 781591242B5878B600F0ECC8 /* Products */;
			projectDirPath = "";
			projectRoot = "";
			targets = (
				781591222B5878B600F0ECC8 /* WeatherAppTC */,
				781591322B5878B700F0ECC8 /* WeatherAppTCTests */,
				7815913C2B5878B700F0ECC8 /* WeatherAppTCUITests */,
			);
		};
/* End PBXProject section */

/* Begin PBXResourcesBuildPhase section */
		781591212B5878B600F0ECC8 /* Resources */ = {
			isa = PBXResourcesBuildPhase;
			buildActionMask = 2147483647;
			files = (
				7815912E2B5878B700F0ECC8 /* Preview Assets.xcassets in Resources */,
				7815912B2B5878B700F0ECC8 /* Assets.xcassets in Resources */,
			);
			runOnlyForDeploymentPostprocessing = 0;
		};
		781591312B5878B700F0ECC8 /* Resources */ = {
			isa = PBXResourcesBuildPhase;
			buildActionMask = 2147483647;
			files = (
			);
			runOnlyForDeploymentPostprocessing = 0;
		};
		7815913B2B5878B700F0ECC8 /* Resources */ = {
			isa = PBXResourcesBuildPhase;
			buildActionMask = 2147483647;
			files = (
			);
			runOnlyForDeploymentPostprocessing = 0;
		};
/* End PBXResourcesBuildPhase section */

/* Begin PBXSourcesBuildPhase section */
		7815911F2B5878B600F0ECC8 /* Sources */ = {
			isa = PBXSourcesBuildPhase;
			buildActionMask = 2147483647;
			files = (
				785BE7D32B6B86A500AF8858 /* Weather.swift in Sources */,
				78F8FEE22B5FA9C5007819B3 /* LocationListView.swift in Sources */,
				78F8FEE52B5FAA1F007819B3 /* WeatherDataView.swift in Sources */,
				785BE7D72B6F980E00AF8858 /* Double+roundTo.swift in Sources */,
				781591292B5878B600F0ECC8 /* WeatherPreviewPageView.swift in Sources */,
				785BE7D52B6B878700AF8858 /* WeatherListInteractor.swift in Sources */,
				781591272B5878B600F0ECC8 /* WeatherAppTCApp.swift in Sources */,
				785BE7CF2B68FCFE00AF8858 /* WeatherLocationListPresenter.swift in Sources */,
				78766FA92B595DF900BD6A8E /* Constants.swift in Sources */,
				78F8FEE92B5FAA78007819B3 /* DynamicGradientWeatherContainer.swift in Sources */,
				78F8FEE72B5FAA48007819B3 /* WeatherCalendarView.swift in Sources */,
				781591622B590C4600F0ECC8 /* AdministrativeArea.swift in Sources */,
				7815916D2B590E4A00F0ECC8 /* APIService.swift in Sources */,
				781591662B590DFB00F0ECC8 /* WeatherDataModel.swift in Sources */,
				78766FA02B595D2700BD6A8E /* Temperature.swift in Sources */,
				7815915E2B590C2000F0ECC8 /* Location.swift in Sources */,
				781591602B590C3200F0ECC8 /* Country.swift in Sources */,
				78766FA42B595D8A00BD6A8E /* LocationDataModel.swift in Sources */,
				78F8FEE02B5FA989007819B3 /* CustomSearchBarView.swift in Sources */,
				7841C97F2B5D97D5000C9D69 /* SearchPageView.swift in Sources */,
				785BE7CC2B68FBCC00AF8858 /* LocationListInteracor.swift in Sources */,
				78766F9C2B595C2700BD6A8E /* NetworkError.swift in Sources */,
				785BE7DB2B6F9A7500AF8858 /* Wind.swift in Sources */,
			);
			runOnlyForDeploymentPostprocessing = 0;
		};
		7815912F2B5878B700F0ECC8 /* Sources */ = {
			isa = PBXSourcesBuildPhase;
			buildActionMask = 2147483647;
			files = (
				781591382B5878B700F0ECC8 /* WeatherAppTCTests.swift in Sources */,
			);
			runOnlyForDeploymentPostprocessing = 0;
		};
		781591392B5878B700F0ECC8 /* Sources */ = {
			isa = PBXSourcesBuildPhase;
			buildActionMask = 2147483647;
			files = (
				781591442B5878B700F0ECC8 /* WeatherAppTCUITestsLaunchTests.swift in Sources */,
				781591422B5878B700F0ECC8 /* WeatherAppTCUITests.swift in Sources */,
			);
			runOnlyForDeploymentPostprocessing = 0;
		};
/* End PBXSourcesBuildPhase section */

/* Begin PBXTargetDependency section */
		781591352B5878B700F0ECC8 /* PBXTargetDependency */ = {
			isa = PBXTargetDependency;
			target = 781591222B5878B600F0ECC8 /* WeatherAppTC */;
			targetProxy = 781591342B5878B700F0ECC8 /* PBXContainerItemProxy */;
		};
		7815913F2B5878B700F0ECC8 /* PBXTargetDependency */ = {
			isa = PBXTargetDependency;
			target = 781591222B5878B600F0ECC8 /* WeatherAppTC */;
			targetProxy = 7815913E2B5878B700F0ECC8 /* PBXContainerItemProxy */;
		};
/* End PBXTargetDependency section */

/* Begin XCBuildConfiguration section */
		781591452B5878B700F0ECC8 /* Debug */ = {
			isa = XCBuildConfiguration;
			buildSettings = {
				ALWAYS_SEARCH_USER_PATHS = NO;
				ASSETCATALOG_COMPILER_GENERATE_SWIFT_ASSET_SYMBOL_EXTENSIONS = YES;
				CLANG_ANALYZER_NONNULL = YES;
				CLANG_ANALYZER_NUMBER_OBJECT_CONVERSION = YES_AGGRESSIVE;
				CLANG_CXX_LANGUAGE_STANDARD = "gnu++20";
				CLANG_ENABLE_MODULES = YES;
				CLANG_ENABLE_OBJC_ARC = YES;
				CLANG_ENABLE_OBJC_WEAK = YES;
				CLANG_WARN_BLOCK_CAPTURE_AUTORELEASING = YES;
				CLANG_WARN_BOOL_CONVERSION = YES;
				CLANG_WARN_COMMA = YES;
				CLANG_WARN_CONSTANT_CONVERSION = YES;
				CLANG_WARN_DEPRECATED_OBJC_IMPLEMENTATIONS = YES;
				CLANG_WARN_DIRECT_OBJC_ISA_USAGE = YES_ERROR;
				CLANG_WARN_DOCUMENTATION_COMMENTS = YES;
				CLANG_WARN_EMPTY_BODY = YES;
				CLANG_WARN_ENUM_CONVERSION = YES;
				CLANG_WARN_INFINITE_RECURSION = YES;
				CLANG_WARN_INT_CONVERSION = YES;
				CLANG_WARN_NON_LITERAL_NULL_CONVERSION = YES;
				CLANG_WARN_OBJC_IMPLICIT_RETAIN_SELF = YES;
				CLANG_WARN_OBJC_LITERAL_CONVERSION = YES;
				CLANG_WARN_OBJC_ROOT_CLASS = YES_ERROR;
				CLANG_WARN_QUOTED_INCLUDE_IN_FRAMEWORK_HEADER = YES;
				CLANG_WARN_RANGE_LOOP_ANALYSIS = YES;
				CLANG_WARN_STRICT_PROTOTYPES = YES;
				CLANG_WARN_SUSPICIOUS_MOVE = YES;
				CLANG_WARN_UNGUARDED_AVAILABILITY = YES_AGGRESSIVE;
				CLANG_WARN_UNREACHABLE_CODE = YES;
				CLANG_WARN__DUPLICATE_METHOD_MATCH = YES;
				COPY_PHASE_STRIP = NO;
				DEBUG_INFORMATION_FORMAT = dwarf;
				ENABLE_STRICT_OBJC_MSGSEND = YES;
				ENABLE_TESTABILITY = YES;
				ENABLE_USER_SCRIPT_SANDBOXING = YES;
				GCC_C_LANGUAGE_STANDARD = gnu17;
				GCC_DYNAMIC_NO_PIC = NO;
				GCC_NO_COMMON_BLOCKS = YES;
				GCC_OPTIMIZATION_LEVEL = 0;
				GCC_PREPROCESSOR_DEFINITIONS = (
					"DEBUG=1",
					"$(inherited)",
				);
				GCC_WARN_64_TO_32_BIT_CONVERSION = YES;
				GCC_WARN_ABOUT_RETURN_TYPE = YES_ERROR;
				GCC_WARN_UNDECLARED_SELECTOR = YES;
				GCC_WARN_UNINITIALIZED_AUTOS = YES_AGGRESSIVE;
				GCC_WARN_UNUSED_FUNCTION = YES;
				GCC_WARN_UNUSED_VARIABLE = YES;
				IPHONEOS_DEPLOYMENT_TARGET = 17.2;
				LOCALIZATION_PREFERS_STRING_CATALOGS = YES;
				MTL_ENABLE_DEBUG_INFO = INCLUDE_SOURCE;
				MTL_FAST_MATH = YES;
				ONLY_ACTIVE_ARCH = YES;
				SDKROOT = iphoneos;
				SWIFT_ACTIVE_COMPILATION_CONDITIONS = "DEBUG $(inherited)";
				SWIFT_OPTIMIZATION_LEVEL = "-Onone";
			};
			name = Debug;
		};
		781591462B5878B700F0ECC8 /* Release */ = {
			isa = XCBuildConfiguration;
			buildSettings = {
				ALWAYS_SEARCH_USER_PATHS = NO;
				ASSETCATALOG_COMPILER_GENERATE_SWIFT_ASSET_SYMBOL_EXTENSIONS = YES;
				CLANG_ANALYZER_NONNULL = YES;
				CLANG_ANALYZER_NUMBER_OBJECT_CONVERSION = YES_AGGRESSIVE;
				CLANG_CXX_LANGUAGE_STANDARD = "gnu++20";
				CLANG_ENABLE_MODULES = YES;
				CLANG_ENABLE_OBJC_ARC = YES;
				CLANG_ENABLE_OBJC_WEAK = YES;
				CLANG_WARN_BLOCK_CAPTURE_AUTORELEASING = YES;
				CLANG_WARN_BOOL_CONVERSION = YES;
				CLANG_WARN_COMMA = YES;
				CLANG_WARN_CONSTANT_CONVERSION = YES;
				CLANG_WARN_DEPRECATED_OBJC_IMPLEMENTATIONS = YES;
				CLANG_WARN_DIRECT_OBJC_ISA_USAGE = YES_ERROR;
				CLANG_WARN_DOCUMENTATION_COMMENTS = YES;
				CLANG_WARN_EMPTY_BODY = YES;
				CLANG_WARN_ENUM_CONVERSION = YES;
				CLANG_WARN_INFINITE_RECURSION = YES;
				CLANG_WARN_INT_CONVERSION = YES;
				CLANG_WARN_NON_LITERAL_NULL_CONVERSION = YES;
				CLANG_WARN_OBJC_IMPLICIT_RETAIN_SELF = YES;
				CLANG_WARN_OBJC_LITERAL_CONVERSION = YES;
				CLANG_WARN_OBJC_ROOT_CLASS = YES_ERROR;
				CLANG_WARN_QUOTED_INCLUDE_IN_FRAMEWORK_HEADER = YES;
				CLANG_WARN_RANGE_LOOP_ANALYSIS = YES;
				CLANG_WARN_STRICT_PROTOTYPES = YES;
				CLANG_WARN_SUSPICIOUS_MOVE = YES;
				CLANG_WARN_UNGUARDED_AVAILABILITY = YES_AGGRESSIVE;
				CLANG_WARN_UNREACHABLE_CODE = YES;
				CLANG_WARN__DUPLICATE_METHOD_MATCH = YES;
				COPY_PHASE_STRIP = NO;
				DEBUG_INFORMATION_FORMAT = "dwarf-with-dsym";
				ENABLE_NS_ASSERTIONS = NO;
				ENABLE_STRICT_OBJC_MSGSEND = YES;
				ENABLE_USER_SCRIPT_SANDBOXING = YES;
				GCC_C_LANGUAGE_STANDARD = gnu17;
				GCC_NO_COMMON_BLOCKS = YES;
				GCC_WARN_64_TO_32_BIT_CONVERSION = YES;
				GCC_WARN_ABOUT_RETURN_TYPE = YES_ERROR;
				GCC_WARN_UNDECLARED_SELECTOR = YES;
				GCC_WARN_UNINITIALIZED_AUTOS = YES_AGGRESSIVE;
				GCC_WARN_UNUSED_FUNCTION = YES;
				GCC_WARN_UNUSED_VARIABLE = YES;
				IPHONEOS_DEPLOYMENT_TARGET = 17.2;
				LOCALIZATION_PREFERS_STRING_CATALOGS = YES;
				MTL_ENABLE_DEBUG_INFO = NO;
				MTL_FAST_MATH = YES;
				SDKROOT = iphoneos;
				SWIFT_COMPILATION_MODE = wholemodule;
				VALIDATE_PRODUCT = YES;
			};
			name = Release;
		};
		781591482B5878B700F0ECC8 /* Debug */ = {
			isa = XCBuildConfiguration;
			buildSettings = {
				ASSETCATALOG_COMPILER_APPICON_NAME = AppIcon;
				ASSETCATALOG_COMPILER_GLOBAL_ACCENT_COLOR_NAME = AccentColor;
				CODE_SIGN_STYLE = Automatic;
				CURRENT_PROJECT_VERSION = 1;
				DEVELOPMENT_ASSET_PATHS = "\"WeatherAppTC/Other/Preview Content\"";
				DEVELOPMENT_TEAM = JNZT32R8TA;
				ENABLE_PREVIEWS = YES;
				GENERATE_INFOPLIST_FILE = YES;
				INFOPLIST_FILE = WeatherAppTC/Info.plist;
				INFOPLIST_KEY_CFBundleDisplayName = "";
				INFOPLIST_KEY_LSApplicationCategoryType = "";
				INFOPLIST_KEY_UIApplicationSceneManifest_Generation = YES;
				INFOPLIST_KEY_UIApplicationSupportsIndirectInputEvents = YES;
				INFOPLIST_KEY_UILaunchScreen_Generation = YES;
				INFOPLIST_KEY_UISupportedInterfaceOrientations_iPad = "UIInterfaceOrientationPortrait UIInterfaceOrientationPortraitUpsideDown UIInterfaceOrientationLandscapeLeft UIInterfaceOrientationLandscapeRight";
				INFOPLIST_KEY_UISupportedInterfaceOrientations_iPhone = "UIInterfaceOrientationPortrait UIInterfaceOrientationLandscapeLeft UIInterfaceOrientationLandscapeRight";
				LD_RUNPATH_SEARCH_PATHS = (
					"$(inherited)",
					"@executable_path/Frameworks",
				);
				MARKETING_VERSION = 1.0;
				PRODUCT_BUNDLE_IDENTIFIER = premyslmikulenka.WeatherAppTC;
				PRODUCT_NAME = "$(TARGET_NAME)";
				SWIFT_EMIT_LOC_STRINGS = YES;
				SWIFT_VERSION = 5.0;
				TARGETED_DEVICE_FAMILY = "1,2";
			};
			name = Debug;
		};
		781591492B5878B700F0ECC8 /* Release */ = {
			isa = XCBuildConfiguration;
			buildSettings = {
				ASSETCATALOG_COMPILER_APPICON_NAME = AppIcon;
				ASSETCATALOG_COMPILER_GLOBAL_ACCENT_COLOR_NAME = AccentColor;
				CODE_SIGN_STYLE = Automatic;
				CURRENT_PROJECT_VERSION = 1;
				DEVELOPMENT_ASSET_PATHS = "\"WeatherAppTC/Other/Preview Content\"";
				DEVELOPMENT_TEAM = JNZT32R8TA;
				ENABLE_PREVIEWS = YES;
				GENERATE_INFOPLIST_FILE = YES;
				INFOPLIST_FILE = WeatherAppTC/Info.plist;
				INFOPLIST_KEY_CFBundleDisplayName = "";
				INFOPLIST_KEY_LSApplicationCategoryType = "";
				INFOPLIST_KEY_UIApplicationSceneManifest_Generation = YES;
				INFOPLIST_KEY_UIApplicationSupportsIndirectInputEvents = YES;
				INFOPLIST_KEY_UILaunchScreen_Generation = YES;
				INFOPLIST_KEY_UISupportedInterfaceOrientations_iPad = "UIInterfaceOrientationPortrait UIInterfaceOrientationPortraitUpsideDown UIInterfaceOrientationLandscapeLeft UIInterfaceOrientationLandscapeRight";
				INFOPLIST_KEY_UISupportedInterfaceOrientations_iPhone = "UIInterfaceOrientationPortrait UIInterfaceOrientationLandscapeLeft UIInterfaceOrientationLandscapeRight";
				LD_RUNPATH_SEARCH_PATHS = (
					"$(inherited)",
					"@executable_path/Frameworks",
				);
				MARKETING_VERSION = 1.0;
				PRODUCT_BUNDLE_IDENTIFIER = premyslmikulenka.WeatherAppTC;
				PRODUCT_NAME = "$(TARGET_NAME)";
				SWIFT_EMIT_LOC_STRINGS = YES;
				SWIFT_VERSION = 5.0;
				TARGETED_DEVICE_FAMILY = "1,2";
			};
			name = Release;
		};
		7815914B2B5878B700F0ECC8 /* Debug */ = {
			isa = XCBuildConfiguration;
			buildSettings = {
				ALWAYS_EMBED_SWIFT_STANDARD_LIBRARIES = YES;
				BUNDLE_LOADER = "$(TEST_HOST)";
				CODE_SIGN_STYLE = Automatic;
				CURRENT_PROJECT_VERSION = 1;
				DEVELOPMENT_TEAM = JNZT32R8TA;
				GENERATE_INFOPLIST_FILE = YES;
				IPHONEOS_DEPLOYMENT_TARGET = 17.2;
				MARKETING_VERSION = 1.0;
				PRODUCT_BUNDLE_IDENTIFIER = premyslmikulenka.WeatherAppTCTests;
				PRODUCT_NAME = "$(TARGET_NAME)";
				SWIFT_EMIT_LOC_STRINGS = NO;
				SWIFT_VERSION = 5.0;
				TARGETED_DEVICE_FAMILY = "1,2";
				TEST_HOST = "$(BUILT_PRODUCTS_DIR)/WeatherAppTC.app/$(BUNDLE_EXECUTABLE_FOLDER_PATH)/WeatherAppTC";
			};
			name = Debug;
		};
		7815914C2B5878B700F0ECC8 /* Release */ = {
			isa = XCBuildConfiguration;
			buildSettings = {
				ALWAYS_EMBED_SWIFT_STANDARD_LIBRARIES = YES;
				BUNDLE_LOADER = "$(TEST_HOST)";
				CODE_SIGN_STYLE = Automatic;
				CURRENT_PROJECT_VERSION = 1;
				DEVELOPMENT_TEAM = JNZT32R8TA;
				GENERATE_INFOPLIST_FILE = YES;
				IPHONEOS_DEPLOYMENT_TARGET = 17.2;
				MARKETING_VERSION = 1.0;
				PRODUCT_BUNDLE_IDENTIFIER = premyslmikulenka.WeatherAppTCTests;
				PRODUCT_NAME = "$(TARGET_NAME)";
				SWIFT_EMIT_LOC_STRINGS = NO;
				SWIFT_VERSION = 5.0;
				TARGETED_DEVICE_FAMILY = "1,2";
				TEST_HOST = "$(BUILT_PRODUCTS_DIR)/WeatherAppTC.app/$(BUNDLE_EXECUTABLE_FOLDER_PATH)/WeatherAppTC";
			};
			name = Release;
		};
		7815914E2B5878B700F0ECC8 /* Debug */ = {
			isa = XCBuildConfiguration;
			buildSettings = {
				ALWAYS_EMBED_SWIFT_STANDARD_LIBRARIES = YES;
				CODE_SIGN_STYLE = Automatic;
				CURRENT_PROJECT_VERSION = 1;
				DEVELOPMENT_TEAM = JNZT32R8TA;
				GENERATE_INFOPLIST_FILE = YES;
				MARKETING_VERSION = 1.0;
				PRODUCT_BUNDLE_IDENTIFIER = premyslmikulenka.WeatherAppTCUITests;
				PRODUCT_NAME = "$(TARGET_NAME)";
				SWIFT_EMIT_LOC_STRINGS = NO;
				SWIFT_VERSION = 5.0;
				TARGETED_DEVICE_FAMILY = "1,2";
				TEST_TARGET_NAME = WeatherAppTC;
			};
			name = Debug;
		};
		7815914F2B5878B700F0ECC8 /* Release */ = {
			isa = XCBuildConfiguration;
			buildSettings = {
				ALWAYS_EMBED_SWIFT_STANDARD_LIBRARIES = YES;
				CODE_SIGN_STYLE = Automatic;
				CURRENT_PROJECT_VERSION = 1;
				DEVELOPMENT_TEAM = JNZT32R8TA;
				GENERATE_INFOPLIST_FILE = YES;
				MARKETING_VERSION = 1.0;
				PRODUCT_BUNDLE_IDENTIFIER = premyslmikulenka.WeatherAppTCUITests;
				PRODUCT_NAME = "$(TARGET_NAME)";
				SWIFT_EMIT_LOC_STRINGS = NO;
				SWIFT_VERSION = 5.0;
				TARGETED_DEVICE_FAMILY = "1,2";
				TEST_TARGET_NAME = WeatherAppTC;
			};
			name = Release;
		};
/* End XCBuildConfiguration section */

/* Begin XCConfigurationList section */
		7815911E2B5878B600F0ECC8 /* Build configuration list for PBXProject "WeatherAppTC" */ = {
			isa = XCConfigurationList;
			buildConfigurations = (
				781591452B5878B700F0ECC8 /* Debug */,
				781591462B5878B700F0ECC8 /* Release */,
			);
			defaultConfigurationIsVisible = 0;
			defaultConfigurationName = Release;
		};
		781591472B5878B700F0ECC8 /* Build configuration list for PBXNativeTarget "WeatherAppTC" */ = {
			isa = XCConfigurationList;
			buildConfigurations = (
				781591482B5878B700F0ECC8 /* Debug */,
				781591492B5878B700F0ECC8 /* Release */,
			);
			defaultConfigurationIsVisible = 0;
			defaultConfigurationName = Release;
		};
		7815914A2B5878B700F0ECC8 /* Build configuration list for PBXNativeTarget "WeatherAppTCTests" */ = {
			isa = XCConfigurationList;
			buildConfigurations = (
				7815914B2B5878B700F0ECC8 /* Debug */,
				7815914C2B5878B700F0ECC8 /* Release */,
			);
			defaultConfigurationIsVisible = 0;
			defaultConfigurationName = Release;
		};
		7815914D2B5878B700F0ECC8 /* Build configuration list for PBXNativeTarget "WeatherAppTCUITests" */ = {
			isa = XCConfigurationList;
			buildConfigurations = (
				7815914E2B5878B700F0ECC8 /* Debug */,
				7815914F2B5878B700F0ECC8 /* Release */,
			);
			defaultConfigurationIsVisible = 0;
			defaultConfigurationName = Release;
		};
/* End XCConfigurationList section */
	};
	rootObject = 7815911B2B5878B600F0ECC8 /* Project object */;
}
